
Microsoft Visual Studio Solution File, Format Version 12.00
# Visual Studio 15
VisualStudioVersion = 15.0.28307.852
MinimumVisualStudioVersion = 10.0.40219.1
Project("{FAE04EC0-301F-11D3-BF4B-00C04F79EFBC}") = "movierApp", "movierApp\movierApp.csproj", "{D2D70B5D-0CF7-43C3-815C-DAAA4210E411}"
EndProject
Global
	GlobalSection(SolutionConfigurationPlatforms) = preSolution
		Debug|Any CPU = Debug|Any CPU
		Release|Any CPU = Release|Any CPU
		Testing|Any CPU = Testing|Any CPU
	EndGlobalSection
	GlobalSection(ProjectConfigurationPlatforms) = postSolution
		{D2D70B5D-0CF7-43C3-815C-DAAA4210E411}.Debug|Any CPU.ActiveCfg = Debug|Any CPU
		{D2D70B5D-0CF7-43C3-815C-DAAA4210E411}.Debug|Any CPU.Build.0 = Debug|Any CPU
		{D2D70B5D-0CF7-43C3-815C-DAAA4210E411}.Release|Any CPU.ActiveCfg = Release|Any CPU
		{D2D70B5D-0CF7-43C3-815C-DAAA4210E411}.Release|Any CPU.Build.0 = Release|Any CPU
		{D2D70B5D-0CF7-43C3-815C-DAAA4210E411}.Testing|Any CPU.ActiveCfg = Testing|Any CPU
		{D2D70B5D-0CF7-43C3-815C-DAAA4210E411}.Testing|Any CPU.Build.0 = Testing|Any CPU
	EndGlobalSection
	GlobalSection(SolutionProperties) = preSolution
		HideSolutionNode = FALSE
	EndGlobalSection
	GlobalSection(ExtensibilityGlobals) = postSolution
		SolutionGuid = {FEAB85AE-825E-4788-9F58-449880905F82}
	EndGlobalSection
EndGlobal
