
Microsoft Visual Studio Solution File, Format Version 12.00
# Visual Studio 15
VisualStudioVersion = 15.0.28307.852
MinimumVisualStudioVersion = 10.0.40219.1
Project("{FAE04EC0-301F-11D3-BF4B-00C04F79EFBC}") = "MovieRentalApplication", "MovieRentalApplication\MovieRentalApplication.csproj", "{FDC17F4B-56EA-4C5C-8654-DFEBD0DF5995}"
EndProject
Global
	GlobalSection(SolutionConfigurationPlatforms) = preSolution
		Debug|Any CPU = Debug|Any CPU
		Release|Any CPU = Release|Any CPU
	EndGlobalSection
	GlobalSection(ProjectConfigurationPlatforms) = postSolution
		{FDC17F4B-56EA-4C5C-8654-DFEBD0DF5995}.Debug|Any CPU.ActiveCfg = Debug|Any CPU
		{FDC17F4B-56EA-4C5C-8654-DFEBD0DF5995}.Debug|Any CPU.Build.0 = Debug|Any CPU
		{FDC17F4B-56EA-4C5C-8654-DFEBD0DF5995}.Release|Any CPU.ActiveCfg = Release|Any CPU
		{FDC17F4B-56EA-4C5C-8654-DFEBD0DF5995}.Release|Any CPU.Build.0 = Release|Any CPU
	EndGlobalSection
	GlobalSection(SolutionProperties) = preSolution
		HideSolutionNode = FALSE
	EndGlobalSection
	GlobalSection(ExtensibilityGlobals) = postSolution
		SolutionGuid = {523B3EDF-4DBB-4ED4-B857-77EB455112FA}
	EndGlobalSection
EndGlobal
